
Microsoft Visual Studio Solution File, Format Version 12.00
# Visual Studio Version 16
VisualStudioVersion = 16.0.30002.166
MinimumVisualStudioVersion = 10.0.40219.1
Project("{FAE04EC0-301F-11D3-BF4B-00C04F79EFBC}") = "DevSkill.Web", "DevSkill.Web\DevSkill.Web.csproj", "{C20788CF-A4AA-4091-9CF7-EE99966A4A16}"
EndProject
Global
	GlobalSection(SolutionConfigurationPlatforms) = preSolution
		Debug|Any CPU = Debug|Any CPU
		Release|Any CPU = Release|Any CPU
	EndGlobalSection
	GlobalSection(ProjectConfigurationPlatforms) = postSolution
		{C20788CF-A4AA-4091-9CF7-EE99966A4A16}.Debug|Any CPU.ActiveCfg = Debug|Any CPU
		{C20788CF-A4AA-4091-9CF7-EE99966A4A16}.Debug|Any CPU.Build.0 = Debug|Any CPU
		{C20788CF-A4AA-4091-9CF7-EE99966A4A16}.Release|Any CPU.ActiveCfg = Release|Any CPU
		{C20788CF-A4AA-4091-9CF7-EE99966A4A16}.Release|Any CPU.Build.0 = Release|Any CPU
	EndGlobalSection
	GlobalSection(SolutionProperties) = preSolution
		HideSolutionNode = FALSE
	EndGlobalSection
	GlobalSection(ExtensibilityGlobals) = postSolution
		SolutionGuid = {7DAD83B0-F7F4-4B4E-A9CF-91606D152347}
	EndGlobalSection
EndGlobal
