
Microsoft Visual Studio Solution File, Format Version 12.00
# Visual Studio Version 16
VisualStudioVersion = 16.0.29609.76
MinimumVisualStudioVersion = 10.0.40219.1
Project("{9A19103F-16F7-4668-BE54-9A1E7A4F7556}") = "DevSkill", "DevSkill\DevSkill.csproj", "{1A157B9C-37AF-4053-BC9F-74C2AD0B8D00}"
EndProject
Project("{FAE04EC0-301F-11D3-BF4B-00C04F79EFBC}") = "DevSkill.Data", "DevSkill.Data\DevSkill.Data.csproj", "{F19B183E-E42D-41AA-9EE6-F39F0CAB6EC0}"
EndProject
Project("{FAE04EC0-301F-11D3-BF4B-00C04F79EFBC}") = "DevSkill.Framework", "DevSkill.Framework\DevSkill.Framework.csproj", "{2024E9E9-3D83-4605-9A47-69ADC1D396DC}"
EndProject
Global
	GlobalSection(SolutionConfigurationPlatforms) = preSolution
		Debug|Any CPU = Debug|Any CPU
		Release|Any CPU = Release|Any CPU
	EndGlobalSection
	GlobalSection(ProjectConfigurationPlatforms) = postSolution
		{1A157B9C-37AF-4053-BC9F-74C2AD0B8D00}.Debug|Any CPU.ActiveCfg = Debug|Any CPU
		{1A157B9C-37AF-4053-BC9F-74C2AD0B8D00}.Debug|Any CPU.Build.0 = Debug|Any CPU
		{1A157B9C-37AF-4053-BC9F-74C2AD0B8D00}.Release|Any CPU.ActiveCfg = Release|Any CPU
		{1A157B9C-37AF-4053-BC9F-74C2AD0B8D00}.Release|Any CPU.Build.0 = Release|Any CPU
		{F19B183E-E42D-41AA-9EE6-F39F0CAB6EC0}.Debug|Any CPU.ActiveCfg = Debug|Any CPU
		{F19B183E-E42D-41AA-9EE6-F39F0CAB6EC0}.Debug|Any CPU.Build.0 = Debug|Any CPU
		{F19B183E-E42D-41AA-9EE6-F39F0CAB6EC0}.Release|Any CPU.ActiveCfg = Release|Any CPU
		{F19B183E-E42D-41AA-9EE6-F39F0CAB6EC0}.Release|Any CPU.Build.0 = Release|Any CPU
		{2024E9E9-3D83-4605-9A47-69ADC1D396DC}.Debug|Any CPU.ActiveCfg = Debug|Any CPU
		{2024E9E9-3D83-4605-9A47-69ADC1D396DC}.Debug|Any CPU.Build.0 = Debug|Any CPU
		{2024E9E9-3D83-4605-9A47-69ADC1D396DC}.Release|Any CPU.ActiveCfg = Release|Any CPU
		{2024E9E9-3D83-4605-9A47-69ADC1D396DC}.Release|Any CPU.Build.0 = Release|Any CPU
	EndGlobalSection
	GlobalSection(SolutionProperties) = preSolution
		HideSolutionNode = FALSE
	EndGlobalSection
	GlobalSection(ExtensibilityGlobals) = postSolution
		SolutionGuid = {747C9681-E7B0-4B96-8826-D0DE58E9ECF4}
	EndGlobalSection
EndGlobal
